
Microsoft Visual Studio Solution File, Format Version 12.00
# Visual Studio Version 17
VisualStudioVersion = 17.8.34330.188
MinimumVisualStudioVersion = 10.0.40219.1
Project("{9A19103F-16F7-4668-BE54-9A1E7A4F7556}") = "w67166_OP", "w67166_OP.csproj", "{BD89EC21-BEA6-4E5C-90E3-03B640FB2DF0}"
EndProject
Project("{2150E333-8FDC-42A3-9474-1A3956D46DE8}") = "Solution Items", "Solution Items", "{074195EE-38CB-43A6-9CDE-4CFAA2A0EAB4}"
	ProjectSection(SolutionItems) = preProject
		.editorconfig = .editorconfig
	EndProjectSection
EndProject
Global
	GlobalSection(SolutionConfigurationPlatforms) = preSolution
		Debug|Any CPU = Debug|Any CPU
		Release|Any CPU = Release|Any CPU
	EndGlobalSection
	GlobalSection(ProjectConfigurationPlatforms) = postSolution
		{BD89EC21-BEA6-4E5C-90E3-03B640FB2DF0}.Debug|Any CPU.ActiveCfg = Debug|Any CPU
		{BD89EC21-BEA6-4E5C-90E3-03B640FB2DF0}.Debug|Any CPU.Build.0 = Debug|Any CPU
		{BD89EC21-BEA6-4E5C-90E3-03B640FB2DF0}.Release|Any CPU.ActiveCfg = Release|Any CPU
		{BD89EC21-BEA6-4E5C-90E3-03B640FB2DF0}.Release|Any CPU.Build.0 = Release|Any CPU
	EndGlobalSection
	GlobalSection(SolutionProperties) = preSolution
		HideSolutionNode = FALSE
	EndGlobalSection
	GlobalSection(ExtensibilityGlobals) = postSolution
		SolutionGuid = {B5259197-6664-462E-9E0D-76EE8C295823}
	EndGlobalSection
EndGlobal
